// !$*UTF8*$!
{
	archiveVersion = 1;
	classes = {
	};
	objectVersion = 77;
	objects = {

/* Begin PBXContainerItemProxy section */
		E67F1BED2E9F1CE3003A2A5E /* PBXContainerItemProxy */ = {
			isa = PBXContainerItemProxy;
			containerPortal = E67F1BD52E9F1CE2003A2A5E /* Project object */;
			proxyType = 1;
			remoteGlobalIDString = E67F1BDC2E9F1CE2003A2A5E;
			remoteInfo = MopedFuel;
		};
		E67F1BF72E9F1CE3003A2A5E /* PBXContainerItemProxy */ = {
			isa = PBXContainerItemProxy;
			containerPortal = E67F1BD52E9F1CE2003A2A5E /* Project object */;
			proxyType = 1;
			remoteGlobalIDString = E67F1BDC2E9F1CE2003A2A5E;
			remoteInfo = MopedFuel;
		};
/* End PBXContainerItemProxy section */

/* Begin PBXFileReference section */
		E67F1BDD2E9F1CE2003A2A5E /* MopedFuel.app */ = {isa = PBXFileReference; explicitFileType = wrapper.application; includeInIndex = 0; path = MopedFuel.app; sourceTree = BUILT_PRODUCTS_DIR; };
		E67F1BEC2E9F1CE3003A2A5E /* MopedFuelTests.xctest */ = {isa = PBXFileReference; explicitFileType = wrapper.cfbundle; includeInIndex = 0; path = MopedFuelTests.xctest; sourceTree = BUILT_PRODUCTS_DIR; };
		E67F1BF62E9F1CE3003A2A5E /* MopedFuelUITests.xctest */ = {isa = PBXFileReference; explicitFileType = wrapper.cfbundle; includeInIndex = 0; path = MopedFuelUITests.xctest; sourceTree = BUILT_PRODUCTS_DIR; };
/* End PBXFileReference section */

/* Begin PBXFileSystemSynchronizedRootGroup section */
		E67F1BDF2E9F1CE2003A2A5E /* MopedFuel */ = {
			isa = PBXFileSystemSynchronizedRootGroup;
			path = MopedFuel;
			sourceTree = "<group>";
		};
		E67F1BEF2E9F1CE3003A2A5E /* MopedFuelTests */ = {
			isa = PBXFileSystemSynchronizedRootGroup;
			path = MopedFuelTests;
			sourceTree = "<group>";
		};
		E67F1BF92E9F1CE3003A2A5E /* MopedFuelUITests */ = {
			isa = PBXFileSystemSynchronizedRootGroup;
			path = MopedFuelUITests;
			sourceTree = "<group>";
		};
/* End PBXFileSystemSynchronizedRootGroup section */

/* Begin PBXFrameworksBuildPhase section */
		E67F1BDA2E9F1CE2003A2A5E /* Frameworks */ = {
			isa = PBXFrameworksBuildPhase;
			buildActionMask = 2147483647;
			files = (
			);
			runOnlyForDeploymentPostprocessing = 0;
		};
		E67F1BE92E9F1CE3003A2A5E /* Frameworks */ = {
			isa = PBXFrameworksBuildPhase;
			buildActionMask = 2147483647;
			files = (
			);
			runOnlyForDeploymentPostprocessing = 0;
		};
		E67F1BF32E9F1CE3003A2A5E /* Frameworks */ = {
			isa = PBXFrameworksBuildPhase;
			buildActionMask = 2147483647;
			files = (
			);
			runOnlyForDeploymentPostprocessing = 0;
		};
/* End PBXFrameworksBuildPhase section */

/* Begin PBXGroup section */
		E67F1BD42E9F1CE2003A2A5E = {
			isa = PBXGroup;
			children = (
				E67F1BDF2E9F1CE2003A2A5E /* MopedFuel */,
				E67F1BEF2E9F1CE3003A2A5E /* MopedFuelTests */,
				E67F1BF92E9F1CE3003A2A5E /* MopedFuelUITests */,
				E67F1BDE2E9F1CE2003A2A5E /* Products */,
			);
			sourceTree = "<group>";
		};
		E67F1BDE2E9F1CE2003A2A5E /* Products */ = {
			isa = PBXGroup;
			children = (
				E67F1BDD2E9F1CE2003A2A5E /* MopedFuel.app */,
				E67F1BEC2E9F1CE3003A2A5E /* MopedFuelTests.xctest */,
				E67F1BF62E9F1CE3003A2A5E /* MopedFuelUITests.xctest */,
			);
			name = Products;
			sourceTree = "<group>";
		};
/* End PBXGroup section */

/* Begin PBXNativeTarget section */
		E67F1BDC2E9F1CE2003A2A5E /* MopedFuel */ = {
			isa = PBXNativeTarget;
			buildConfigurationList = E67F1C002E9F1CE3003A2A5E /* Build configuration list for PBXNativeTarget "MopedFuel" */;
			buildPhases = (
				E67F1BD92E9F1CE2003A2A5E /* Sources */,
				E67F1BDA2E9F1CE2003A2A5E /* Frameworks */,
				E67F1BDB2E9F1CE2003A2A5E /* Resources */,
			);
			buildRules = (
			);
			dependencies = (
			);
			fileSystemSynchronizedGroups = (
				E67F1BDF2E9F1CE2003A2A5E /* MopedFuel */,
			);
			name = MopedFuel;
			packageProductDependencies = (
			);
			productName = MopedFuel;
			productReference = E67F1BDD2E9F1CE2003A2A5E /* MopedFuel.app */;
			productType = "com.apple.product-type.application";
		};
		E67F1BEB2E9F1CE3003A2A5E /* MopedFuelTests */ = {
			isa = PBXNativeTarget;
			buildConfigurationList = E67F1C032E9F1CE3003A2A5E /* Build configuration list for PBXNativeTarget "MopedFuelTests" */;
			buildPhases = (
				E67F1BE82E9F1CE3003A2A5E /* Sources */,
				E67F1BE92E9F1CE3003A2A5E /* Frameworks */,
				E67F1BEA2E9F1CE3003A2A5E /* Resources */,
			);
			buildRules = (
			);
			dependencies = (
				E67F1BEE2E9F1CE3003A2A5E /* PBXTargetDependency */,
			);
			fileSystemSynchronizedGroups = (
				E67F1BEF2E9F1CE3003A2A5E /* MopedFuelTests */,
			);
			name = MopedFuelTests;
			packageProductDependencies = (
			);
			productName = MopedFuelTests;
			productReference = E67F1BEC2E9F1CE3003A2A5E /* MopedFuelTests.xctest */;
			productType = "com.apple.product-type.bundle.unit-test";
		};
		E67F1BF52E9F1CE3003A2A5E /* MopedFuelUITests */ = {
			isa = PBXNativeTarget;
			buildConfigurationList = E67F1C062E9F1CE3003A2A5E /* Build configuration list for PBXNativeTarget "MopedFuelUITests" */;
			buildPhases = (
				E67F1BF22E9F1CE3003A2A5E /* Sources */,
				E67F1BF32E9F1CE3003A2A5E /* Frameworks */,
				E67F1BF42E9F1CE3003A2A5E /* Resources */,
			);
			buildRules = (
			);
			dependencies = (
				E67F1BF82E9F1CE3003A2A5E /* PBXTargetDependency */,
			);
			fileSystemSynchronizedGroups = (
				E67F1BF92E9F1CE3003A2A5E /* MopedFuelUITests */,
			);
			name = MopedFuelUITests;
			packageProductDependencies = (
			);
			productName = MopedFuelUITests;
			productReference = E67F1BF62E9F1CE3003A2A5E /* MopedFuelUITests.xctest */;
			productType = "com.apple.product-type.bundle.ui-testing";
		};
/* End PBXNativeTarget section */

/* Begin PBXProject section */
		E67F1BD52E9F1CE2003A2A5E /* Project object */ = {
			isa = PBXProject;
			attributes = {
				BuildIndependentTargetsInParallel = 1;
				LastSwiftUpdateCheck = 1640;
				LastUpgradeCheck = 1640;
				TargetAttributes = {
					E67F1BDC2E9F1CE2003A2A5E = {
						CreatedOnToolsVersion = 16.4;
					};
					E67F1BEB2E9F1CE3003A2A5E = {
						CreatedOnToolsVersion = 16.4;
						TestTargetID = E67F1BDC2E9F1CE2003A2A5E;
					};
					E67F1BF52E9F1CE3003A2A5E = {
						CreatedOnToolsVersion = 16.4;
						TestTargetID = E67F1BDC2E9F1CE2003A2A5E;
					};
				};
			};
			buildConfigurationList = E67F1BD82E9F1CE2003A2A5E /* Build configuration list for PBXProject "MopedFuel" */;
			developmentRegion = en;
			hasScannedForEncodings = 0;
			knownRegions = (
				en,
				Base,
			);
			mainGroup = E67F1BD42E9F1CE2003A2A5E;
			minimizedProjectReferenceProxies = 1;
			preferredProjectObjectVersion = 77;
			productRefGroup = E67F1BDE2E9F1CE2003A2A5E /* Products */;
			projectDirPath = "";
			projectRoot = "";
			targets = (
				E67F1BDC2E9F1CE2003A2A5E /* MopedFuel */,
				E67F1BEB2E9F1CE3003A2A5E /* MopedFuelTests */,
				E67F1BF52E9F1CE3003A2A5E /* MopedFuelUITests */,
			);
		};
/* End PBXProject section */

/* Begin PBXResourcesBuildPhase section */
		E67F1BDB2E9F1CE2003A2A5E /* Resources */ = {
			isa = PBXResourcesBuildPhase;
			buildActionMask = 2147483647;
			files = (
			);
			runOnlyForDeploymentPostprocessing = 0;
		};
		E67F1BEA2E9F1CE3003A2A5E /* Resources */ = {
			isa = PBXResourcesBuildPhase;
			buildActionMask = 2147483647;
			files = (
			);
			runOnlyForDeploymentPostprocessing = 0;
		};
		E67F1BF42E9F1CE3003A2A5E /* Resources */ = {
			isa = PBXResourcesBuildPhase;
			buildActionMask = 2147483647;
			files = (
			);
			runOnlyForDeploymentPostprocessing = 0;
		};
/* End PBXResourcesBuildPhase section */

/* Begin PBXSourcesBuildPhase section */
		E67F1BD92E9F1CE2003A2A5E /* Sources */ = {
			isa = PBXSourcesBuildPhase;
			buildActionMask = 2147483647;
			files = (
			);
			runOnlyForDeploymentPostprocessing = 0;
		};
		E67F1BE82E9F1CE3003A2A5E /* Sources */ = {
			isa = PBXSourcesBuildPhase;
			buildActionMask = 2147483647;
			files = (
			);
			runOnlyForDeploymentPostprocessing = 0;
		};
		E67F1BF22E9F1CE3003A2A5E /* Sources */ = {
			isa = PBXSourcesBuildPhase;
			buildActionMask = 2147483647;
			files = (
			);
			runOnlyForDeploymentPostprocessing = 0;
		};
/* End PBXSourcesBuildPhase section */

/* Begin PBXTargetDependency section */
		E67F1BEE2E9F1CE3003A2A5E /* PBXTargetDependency */ = {
			isa = PBXTargetDependency;
			target = E67F1BDC2E9F1CE2003A2A5E /* MopedFuel */;
			targetProxy = E67F1BED2E9F1CE3003A2A5E /* PBXContainerItemProxy */;
		};
		E67F1BF82E9F1CE3003A2A5E /* PBXTargetDependency */ = {
			isa = PBXTargetDependency;
			target = E67F1BDC2E9F1CE2003A2A5E /* MopedFuel */;
			targetProxy = E67F1BF72E9F1CE3003A2A5E /* PBXContainerItemProxy */;
		};
/* End PBXTargetDependency section */

/* Begin XCBuildConfiguration section */
		E67F1BFE2E9F1CE3003A2A5E /* Debug */ = {
			isa = XCBuildConfiguration;
			buildSettings = {
				ALWAYS_SEARCH_USER_PATHS = NO;
				ASSETCATALOG_COMPILER_GENERATE_SWIFT_ASSET_SYMBOL_EXTENSIONS = YES;
				CLANG_ANALYZER_NONNULL = YES;
				CLANG_ANALYZER_NUMBER_OBJECT_CONVERSION = YES_AGGRESSIVE;
				CLANG_CXX_LANGUAGE_STANDARD = "gnu++20";
				CLANG_ENABLE_MODULES = YES;
				CLANG_ENABLE_OBJC_ARC = YES;
				CLANG_ENABLE_OBJC_WEAK = YES;
				CLANG_WARN_BLOCK_CAPTURE_AUTORELEASING = YES;
				CLANG_WARN_BOOL_CONVERSION = YES;
				CLANG_WARN_COMMA = YES;
				CLANG_WARN_CONSTANT_CONVERSION = YES;
				CLANG_WARN_DEPRECATED_OBJC_IMPLEMENTATIONS = YES;
				CLANG_WARN_DIRECT_OBJC_ISA_USAGE = YES_ERROR;
				CLANG_WARN_DOCUMENTATION_COMMENTS = YES;
				CLANG_WARN_EMPTY_BODY = YES;
				CLANG_WARN_ENUM_CONVERSION = YES;
				CLANG_WARN_INFINITE_RECURSION = YES;
				CLANG_WARN_INT_CONVERSION = YES;
				CLANG_WARN_NON_LITERAL_NULL_CONVERSION = YES;
				CLANG_WARN_OBJC_IMPLICIT_RETAIN_SELF = YES;
				CLANG_WARN_OBJC_LITERAL_CONVERSION = YES;
				CLANG_WARN_OBJC_ROOT_CLASS = YES_ERROR;
				CLANG_WARN_QUOTED_INCLUDE_IN_FRAMEWORK_HEADER = YES;
				CLANG_WARN_RANGE_LOOP_ANALYSIS = YES;
				CLANG_WARN_STRICT_PROTOTYPES = YES;
				CLANG_WARN_SUSPICIOUS_MOVE = YES;
				CLANG_WARN_UNGUARDED_AVAILABILITY = YES_AGGRESSIVE;
				CLANG_WARN_UNREACHABLE_CODE = YES;
				CLANG_WARN__DUPLICATE_METHOD_MATCH = YES;
				COPY_PHASE_STRIP = NO;
				DEBUG_INFORMATION_FORMAT = dwarf;
				ENABLE_STRICT_OBJC_MSGSEND = YES;
				ENABLE_TESTABILITY = YES;
				ENABLE_USER_SCRIPT_SANDBOXING = YES;
				GCC_C_LANGUAGE_STANDARD = gnu17;
				GCC_DYNAMIC_NO_PIC = NO;
				GCC_NO_COMMON_BLOCKS = YES;
				GCC_OPTIMIZATION_LEVEL = 0;
				GCC_PREPROCESSOR_DEFINITIONS = (
					"DEBUG=1",
					"$(inherited)",
				);
				GCC_WARN_64_TO_32_BIT_CONVERSION = YES;
				GCC_WARN_ABOUT_RETURN_TYPE = YES_ERROR;
				GCC_WARN_UNDECLARED_SELECTOR = YES;
				GCC_WARN_UNINITIALIZED_AUTOS = YES_AGGRESSIVE;
				GCC_WARN_UNUSED_FUNCTION = YES;
				GCC_WARN_UNUSED_VARIABLE = YES;
				IPHONEOS_DEPLOYMENT_TARGET = 18.5;
				LOCALIZATION_PREFERS_STRING_CATALOGS = YES;
				MTL_ENABLE_DEBUG_INFO = INCLUDE_SOURCE;
				MTL_FAST_MATH = YES;
				ONLY_ACTIVE_ARCH = YES;
				SDKROOT = iphoneos;
				SWIFT_ACTIVE_COMPILATION_CONDITIONS = "DEBUG $(inherited)";
				SWIFT_OPTIMIZATION_LEVEL = "-Onone";
			};
			name = Debug;
		};
		E67F1BFF2E9F1CE3003A2A5E /* Release */ = {
			isa = XCBuildConfiguration;
			buildSettings = {
				ALWAYS_SEARCH_USER_PATHS = NO;
				ASSETCATALOG_COMPILER_GENERATE_SWIFT_ASSET_SYMBOL_EXTENSIONS = YES;
				CLANG_ANALYZER_NONNULL = YES;
				CLANG_ANALYZER_NUMBER_OBJECT_CONVERSION = YES_AGGRESSIVE;
				CLANG_CXX_LANGUAGE_STANDARD = "gnu++20";
				CLANG_ENABLE_MODULES = YES;
				CLANG_ENABLE_OBJC_ARC = YES;
				CLANG_ENABLE_OBJC_WEAK = YES;
				CLANG_WARN_BLOCK_CAPTURE_AUTORELEASING = YES;
				CLANG_WARN_BOOL_CONVERSION = YES;
				CLANG_WARN_COMMA = YES;
				CLANG_WARN_CONSTANT_CONVERSION = YES;
				CLANG_WARN_DEPRECATED_OBJC_IMPLEMENTATIONS = YES;
				CLANG_WARN_DIRECT_OBJC_ISA_USAGE = YES_ERROR;
				CLANG_WARN_DOCUMENTATION_COMMENTS = YES;
				CLANG_WARN_EMPTY_BODY = YES;
				CLANG_WARN_ENUM_CONVERSION = YES;
				CLANG_WARN_INFINITE_RECURSION = YES;
				CLANG_WARN_INT_CONVERSION = YES;
				CLANG_WARN_NON_LITERAL_NULL_CONVERSION = YES;
				CLANG_WARN_OBJC_IMPLICIT_RETAIN_SELF = YES;
				CLANG_WARN_OBJC_LITERAL_CONVERSION = YES;
				CLANG_WARN_OBJC_ROOT_CLASS = YES_ERROR;
				CLANG_WARN_QUOTED_INCLUDE_IN_FRAMEWORK_HEADER = YES;
				CLANG_WARN_RANGE_LOOP_ANALYSIS = YES;
				CLANG_WARN_STRICT_PROTOTYPES = YES;
				CLANG_WARN_SUSPICIOUS_MOVE = YES;
				CLANG_WARN_UNGUARDED_AVAILABILITY = YES_AGGRESSIVE;
				CLANG_WARN_UNREACHABLE_CODE = YES;
				CLANG_WARN__DUPLICATE_METHOD_MATCH = YES;
				COPY_PHASE_STRIP = NO;
				DEBUG_INFORMATION_FORMAT = "dwarf-with-dsym";
				ENABLE_NS_ASSERTIONS = NO;
				ENABLE_STRICT_OBJC_MSGSEND = YES;
				ENABLE_USER_SCRIPT_SANDBOXING = YES;
				GCC_C_LANGUAGE_STANDARD = gnu17;
				GCC_NO_COMMON_BLOCKS = YES;
				GCC_WARN_64_TO_32_BIT_CONVERSION = YES;
				GCC_WARN_ABOUT_RETURN_TYPE = YES_ERROR;
				GCC_WARN_UNDECLARED_SELECTOR = YES;
				GCC_WARN_UNINITIALIZED_AUTOS = YES_AGGRESSIVE;
				GCC_WARN_UNUSED_FUNCTION = YES;
				GCC_WARN_UNUSED_VARIABLE = YES;
				IPHONEOS_DEPLOYMENT_TARGET = 18.5;
				LOCALIZATION_PREFERS_STRING_CATALOGS = YES;
				MTL_ENABLE_DEBUG_INFO = NO;
				MTL_FAST_MATH = YES;
				SDKROOT = iphoneos;
				SWIFT_COMPILATION_MODE = wholemodule;
				VALIDATE_PRODUCT = YES;
			};
			name = Release;
		};
		E67F1C012E9F1CE3003A2A5E /* Debug */ = {
			isa = XCBuildConfiguration;
			buildSettings = {
				ASSETCATALOG_COMPILER_APPICON_NAME = AppIcon;
				ASSETCATALOG_COMPILER_GLOBAL_ACCENT_COLOR_NAME = AccentColor;
				CODE_SIGN_STYLE = Automatic;
				CURRENT_PROJECT_VERSION = 1;
				ENABLE_PREVIEWS = YES;
				GENERATE_INFOPLIST_FILE = YES;
				INFOPLIST_KEY_UIApplicationSceneManifest_Generation = YES;
				INFOPLIST_KEY_UIApplicationSupportsIndirectInputEvents = YES;
				INFOPLIST_KEY_UILaunchScreen_Generation = YES;
				INFOPLIST_KEY_UISupportedInterfaceOrientations_iPad = "UIInterfaceOrientationPortrait UIInterfaceOrientationPortraitUpsideDown UIInterfaceOrientationLandscapeLeft UIInterfaceOrientationLandscapeRight";
				INFOPLIST_KEY_UISupportedInterfaceOrientations_iPhone = "UIInterfaceOrientationPortrait UIInterfaceOrientationLandscapeLeft UIInterfaceOrientationLandscapeRight";
				LD_RUNPATH_SEARCH_PATHS = (
					"$(inherited)",
					"@executable_path/Frameworks",
				);
				MARKETING_VERSION = 1.0;
				PRODUCT_BUNDLE_IDENTIFIER = pawpaya.MopedFuel;
				PRODUCT_NAME = "$(TARGET_NAME)";
				SWIFT_EMIT_LOC_STRINGS = YES;
				SWIFT_VERSION = 5.0;
				TARGETED_DEVICE_FAMILY = "1,2";
			};
			name = Debug;
		};
		E67F1C022E9F1CE3003A2A5E /* Release */ = {
			isa = XCBuildConfiguration;
			buildSettings = {
				ASSETCATALOG_COMPILER_APPICON_NAME = AppIcon;
				ASSETCATALOG_COMPILER_GLOBAL_ACCENT_COLOR_NAME = AccentColor;
				CODE_SIGN_STYLE = Automatic;
				CURRENT_PROJECT_VERSION = 1;
				ENABLE_PREVIEWS = YES;
				GENERATE_INFOPLIST_FILE = YES;
				INFOPLIST_KEY_UIApplicationSceneManifest_Generation = YES;
				INFOPLIST_KEY_UIApplicationSupportsIndirectInputEvents = YES;
				INFOPLIST_KEY_UILaunchScreen_Generation = YES;
				INFOPLIST_KEY_UISupportedInterfaceOrientations_iPad = "UIInterfaceOrientationPortrait UIInterfaceOrientationPortraitUpsideDown UIInterfaceOrientationLandscapeLeft UIInterfaceOrientationLandscapeRight";
				INFOPLIST_KEY_UISupportedInterfaceOrientations_iPhone = "UIInterfaceOrientationPortrait UIInterfaceOrientationLandscapeLeft UIInterfaceOrientationLandscapeRight";
				LD_RUNPATH_SEARCH_PATHS = (
					"$(inherited)",
					"@executable_path/Frameworks",
				);
				MARKETING_VERSION = 1.0;
				PRODUCT_BUNDLE_IDENTIFIER = pawpaya.MopedFuel;
				PRODUCT_NAME = "$(TARGET_NAME)";
				SWIFT_EMIT_LOC_STRINGS = YES;
				SWIFT_VERSION = 5.0;
				TARGETED_DEVICE_FAMILY = "1,2";
			};
			name = Release;
		};
		E67F1C042E9F1CE3003A2A5E /* Debug */ = {
			isa = XCBuildConfiguration;
			buildSettings = {
				BUNDLE_LOADER = "$(TEST_HOST)";
				CODE_SIGN_STYLE = Automatic;
				CURRENT_PROJECT_VERSION = 1;
				GENERATE_INFOPLIST_FILE = YES;
				IPHONEOS_DEPLOYMENT_TARGET = 18.5;
				MARKETING_VERSION = 1.0;
				PRODUCT_BUNDLE_IDENTIFIER = pawpaya.MopedFuelTests;
				PRODUCT_NAME = "$(TARGET_NAME)";
				SWIFT_EMIT_LOC_STRINGS = NO;
				SWIFT_VERSION = 5.0;
				TARGETED_DEVICE_FAMILY = "1,2";
				TEST_HOST = "$(BUILT_PRODUCTS_DIR)/MopedFuel.app/$(BUNDLE_EXECUTABLE_FOLDER_PATH)/MopedFuel";
			};
			name = Debug;
		};
		E67F1C052E9F1CE3003A2A5E /* Release */ = {
			isa = XCBuildConfiguration;
			buildSettings = {
				BUNDLE_LOADER = "$(TEST_HOST)";
				CODE_SIGN_STYLE = Automatic;
				CURRENT_PROJECT_VERSION = 1;
				GENERATE_INFOPLIST_FILE = YES;
				IPHONEOS_DEPLOYMENT_TARGET = 18.5;
				MARKETING_VERSION = 1.0;
				PRODUCT_BUNDLE_IDENTIFIER = pawpaya.MopedFuelTests;
				PRODUCT_NAME = "$(TARGET_NAME)";
				SWIFT_EMIT_LOC_STRINGS = NO;
				SWIFT_VERSION = 5.0;
				TARGETED_DEVICE_FAMILY = "1,2";
				TEST_HOST = "$(BUILT_PRODUCTS_DIR)/MopedFuel.app/$(BUNDLE_EXECUTABLE_FOLDER_PATH)/MopedFuel";
			};
			name = Release;
		};
		E67F1C072E9F1CE3003A2A5E /* Debug */ = {
			isa = XCBuildConfiguration;
			buildSettings = {
				CODE_SIGN_STYLE = Automatic;
				CURRENT_PROJECT_VERSION = 1;
				GENERATE_INFOPLIST_FILE = YES;
				MARKETING_VERSION = 1.0;
				PRODUCT_BUNDLE_IDENTIFIER = pawpaya.MopedFuelUITests;
				PRODUCT_NAME = "$(TARGET_NAME)";
				SWIFT_EMIT_LOC_STRINGS = NO;
				SWIFT_VERSION = 5.0;
				TARGETED_DEVICE_FAMILY = "1,2";
				TEST_TARGET_NAME = MopedFuel;
			};
			name = Debug;
		};
		E67F1C082E9F1CE3003A2A5E /* Release */ = {
			isa = XCBuildConfiguration;
			buildSettings = {
				CODE_SIGN_STYLE = Automatic;
				CURRENT_PROJECT_VERSION = 1;
				GENERATE_INFOPLIST_FILE = YES;
				MARKETING_VERSION = 1.0;
				PRODUCT_BUNDLE_IDENTIFIER = pawpaya.MopedFuelUITests;
				PRODUCT_NAME = "$(TARGET_NAME)";
				SWIFT_EMIT_LOC_STRINGS = NO;
				SWIFT_VERSION = 5.0;
				TARGETED_DEVICE_FAMILY = "1,2";
				TEST_TARGET_NAME = MopedFuel;
			};
			name = Release;
		};
/* End XCBuildConfiguration section */

/* Begin XCConfigurationList section */
		E67F1BD82E9F1CE2003A2A5E /* Build configuration list for PBXProject "MopedFuel" */ = {
			isa = XCConfigurationList;
			buildConfigurations = (
				E67F1BFE2E9F1CE3003A2A5E /* Debug */,
				E67F1BFF2E9F1CE3003A2A5E /* Release */,
			);
			defaultConfigurationIsVisible = 0;
			defaultConfigurationName = Release;
		};
		E67F1C002E9F1CE3003A2A5E /* Build configuration list for PBXNativeTarget "MopedFuel" */ = {
			isa = XCConfigurationList;
			buildConfigurations = (
				E67F1C012E9F1CE3003A2A5E /* Debug */,
				E67F1C022E9F1CE3003A2A5E /* Release */,
			);
			defaultConfigurationIsVisible = 0;
			defaultConfigurationName = Release;
		};
		E67F1C032E9F1CE3003A2A5E /* Build configuration list for PBXNativeTarget "MopedFuelTests" */ = {
			isa = XCConfigurationList;
			buildConfigurations = (
				E67F1C042E9F1CE3003A2A5E /* Debug */,
				E67F1C052E9F1CE3003A2A5E /* Release */,
			);
			defaultConfigurationIsVisible = 0;
			defaultConfigurationName = Release;
		};
		E67F1C062E9F1CE3003A2A5E /* Build configuration list for PBXNativeTarget "MopedFuelUITests" */ = {
			isa = XCConfigurationList;
			buildConfigurations = (
				E67F1C072E9F1CE3003A2A5E /* Debug */,
				E67F1C082E9F1CE3003A2A5E /* Release */,
			);
			defaultConfigurationIsVisible = 0;
			defaultConfigurationName = Release;
		};
/* End XCConfigurationList section */
	};
	rootObject = E67F1BD52E9F1CE2003A2A5E /* Project object */;
}
